
Microsoft Visual Studio Solution File, Format Version 12.00
# Visual Studio 15
VisualStudioVersion = 15.0.27703.2000
MinimumVisualStudioVersion = 10.0.40219.1
Project("{FAE04EC0-301F-11D3-BF4B-00C04F79EFBC}") = "Apples", "Apples\Apples.csproj", "{FB425D79-F040-4646-8856-CD00E1EFDF8C}"
EndProject
Project("{FAE04EC0-301F-11D3-BF4B-00C04F79EFBC}") = "TestEnvironment", "TestEnvironment\TestEnvironment.csproj", "{3CEE7C5C-D7EB-4CCD-BED8-C9E2F7CAA43E}"
EndProject
Global
	GlobalSection(SolutionConfigurationPlatforms) = preSolution
		Debug|Any CPU = Debug|Any CPU
		Release|Any CPU = Release|Any CPU
	EndGlobalSection
	GlobalSection(ProjectConfigurationPlatforms) = postSolution
		{FB425D79-F040-4646-8856-CD00E1EFDF8C}.Debug|Any CPU.ActiveCfg = Debug|Any CPU
		{FB425D79-F040-4646-8856-CD00E1EFDF8C}.Debug|Any CPU.Build.0 = Debug|Any CPU
		{FB425D79-F040-4646-8856-CD00E1EFDF8C}.Release|Any CPU.ActiveCfg = Release|Any CPU
		{FB425D79-F040-4646-8856-CD00E1EFDF8C}.Release|Any CPU.Build.0 = Release|Any CPU
		{3CEE7C5C-D7EB-4CCD-BED8-C9E2F7CAA43E}.Debug|Any CPU.ActiveCfg = Debug|Any CPU
		{3CEE7C5C-D7EB-4CCD-BED8-C9E2F7CAA43E}.Debug|Any CPU.Build.0 = Debug|Any CPU
		{3CEE7C5C-D7EB-4CCD-BED8-C9E2F7CAA43E}.Release|Any CPU.ActiveCfg = Release|Any CPU
		{3CEE7C5C-D7EB-4CCD-BED8-C9E2F7CAA43E}.Release|Any CPU.Build.0 = Release|Any CPU
	EndGlobalSection
	GlobalSection(SolutionProperties) = preSolution
		HideSolutionNode = FALSE
	EndGlobalSection
	GlobalSection(ExtensibilityGlobals) = postSolution
		SolutionGuid = {982109E8-D113-4D0A-B858-7E236D238767}
	EndGlobalSection
EndGlobal
