
Microsoft Visual Studio Solution File, Format Version 12.00
# Visual Studio 15
VisualStudioVersion = 15.0.27703.2000
MinimumVisualStudioVersion = 10.0.40219.1
Project("{FAE04EC0-301F-11D3-BF4B-00C04F79EFBC}") = "Dominoes", "Dominoes\Dominoes.csproj", "{1EC2C8AA-460A-46F8-9275-6EEB56DED1FC}"
EndProject
Global
	GlobalSection(SolutionConfigurationPlatforms) = preSolution
		Debug|Any CPU = Debug|Any CPU
		Release|Any CPU = Release|Any CPU
	EndGlobalSection
	GlobalSection(ProjectConfigurationPlatforms) = postSolution
		{1EC2C8AA-460A-46F8-9275-6EEB56DED1FC}.Debug|Any CPU.ActiveCfg = Debug|Any CPU
		{1EC2C8AA-460A-46F8-9275-6EEB56DED1FC}.Debug|Any CPU.Build.0 = Debug|Any CPU
		{1EC2C8AA-460A-46F8-9275-6EEB56DED1FC}.Release|Any CPU.ActiveCfg = Release|Any CPU
		{1EC2C8AA-460A-46F8-9275-6EEB56DED1FC}.Release|Any CPU.Build.0 = Release|Any CPU
	EndGlobalSection
	GlobalSection(SolutionProperties) = preSolution
		HideSolutionNode = FALSE
	EndGlobalSection
	GlobalSection(ExtensibilityGlobals) = postSolution
		SolutionGuid = {F8FA9517-F72B-48B8-A802-A0EA7B75E1D8}
	EndGlobalSection
EndGlobal
