
Microsoft Visual Studio Solution File, Format Version 12.00
# Visual Studio 15
VisualStudioVersion = 15.0.27703.2000
MinimumVisualStudioVersion = 10.0.40219.1
Project("{FAE04EC0-301F-11D3-BF4B-00C04F79EFBC}") = "ReversedOrder", "ReversedOrder\ReversedOrder.csproj", "{1B2FF7DC-1742-48AE-8224-357A5E6BC373}"
EndProject
Global
	GlobalSection(SolutionConfigurationPlatforms) = preSolution
		Debug|Any CPU = Debug|Any CPU
		Release|Any CPU = Release|Any CPU
	EndGlobalSection
	GlobalSection(ProjectConfigurationPlatforms) = postSolution
		{1B2FF7DC-1742-48AE-8224-357A5E6BC373}.Debug|Any CPU.ActiveCfg = Debug|Any CPU
		{1B2FF7DC-1742-48AE-8224-357A5E6BC373}.Debug|Any CPU.Build.0 = Debug|Any CPU
		{1B2FF7DC-1742-48AE-8224-357A5E6BC373}.Release|Any CPU.ActiveCfg = Release|Any CPU
		{1B2FF7DC-1742-48AE-8224-357A5E6BC373}.Release|Any CPU.Build.0 = Release|Any CPU
	EndGlobalSection
	GlobalSection(SolutionProperties) = preSolution
		HideSolutionNode = FALSE
	EndGlobalSection
	GlobalSection(ExtensibilityGlobals) = postSolution
		SolutionGuid = {1D4488E7-FC11-41B1-B83B-8D762474BDE3}
	EndGlobalSection
EndGlobal
