
Microsoft Visual Studio Solution File, Format Version 12.00
# Visual Studio 15
VisualStudioVersion = 15.0.27703.2000
MinimumVisualStudioVersion = 10.0.40219.1
Project("{FAE04EC0-301F-11D3-BF4B-00C04F79EFBC}") = "HelloUser", "HelloUser\HelloUser.csproj", "{D435E05E-6A6B-412B-9B33-DB70F8329A43}"
EndProject
Global
	GlobalSection(SolutionConfigurationPlatforms) = preSolution
		Debug|Any CPU = Debug|Any CPU
		Release|Any CPU = Release|Any CPU
	EndGlobalSection
	GlobalSection(ProjectConfigurationPlatforms) = postSolution
		{D435E05E-6A6B-412B-9B33-DB70F8329A43}.Debug|Any CPU.ActiveCfg = Debug|Any CPU
		{D435E05E-6A6B-412B-9B33-DB70F8329A43}.Debug|Any CPU.Build.0 = Debug|Any CPU
		{D435E05E-6A6B-412B-9B33-DB70F8329A43}.Release|Any CPU.ActiveCfg = Release|Any CPU
		{D435E05E-6A6B-412B-9B33-DB70F8329A43}.Release|Any CPU.Build.0 = Release|Any CPU
	EndGlobalSection
	GlobalSection(SolutionProperties) = preSolution
		HideSolutionNode = FALSE
	EndGlobalSection
	GlobalSection(ExtensibilityGlobals) = postSolution
		SolutionGuid = {9F5E009D-0D8D-441E-B89E-1AFB95EBFF15}
	EndGlobalSection
EndGlobal
