
Microsoft Visual Studio Solution File, Format Version 12.00
# Visual Studio 15
VisualStudioVersion = 15.0.27703.2000
MinimumVisualStudioVersion = 10.0.40219.1
Project("{FAE04EC0-301F-11D3-BF4B-00C04F79EFBC}") = "AppendA", "AppendA\AppendA.csproj", "{A4CE2CBA-A4F3-4645-BB0D-04D7E3E7CA02}"
EndProject
Global
	GlobalSection(SolutionConfigurationPlatforms) = preSolution
		Debug|Any CPU = Debug|Any CPU
		Release|Any CPU = Release|Any CPU
	EndGlobalSection
	GlobalSection(ProjectConfigurationPlatforms) = postSolution
		{A4CE2CBA-A4F3-4645-BB0D-04D7E3E7CA02}.Debug|Any CPU.ActiveCfg = Debug|Any CPU
		{A4CE2CBA-A4F3-4645-BB0D-04D7E3E7CA02}.Debug|Any CPU.Build.0 = Debug|Any CPU
		{A4CE2CBA-A4F3-4645-BB0D-04D7E3E7CA02}.Release|Any CPU.ActiveCfg = Release|Any CPU
		{A4CE2CBA-A4F3-4645-BB0D-04D7E3E7CA02}.Release|Any CPU.Build.0 = Release|Any CPU
	EndGlobalSection
	GlobalSection(SolutionProperties) = preSolution
		HideSolutionNode = FALSE
	EndGlobalSection
	GlobalSection(ExtensibilityGlobals) = postSolution
		SolutionGuid = {767787E6-F667-4BB4-85B0-2E47C1C08385}
	EndGlobalSection
EndGlobal
