
Microsoft Visual Studio Solution File, Format Version 12.00
# Visual Studio 15
VisualStudioVersion = 15.0.27703.2000
MinimumVisualStudioVersion = 10.0.40219.1
Project("{FAE04EC0-301F-11D3-BF4B-00C04F79EFBC}") = "BlogPost", "BlogPost\BlogPost.csproj", "{0ECFDF06-31EF-43B1-A5BE-62932B965796}"
EndProject
Global
	GlobalSection(SolutionConfigurationPlatforms) = preSolution
		Debug|Any CPU = Debug|Any CPU
		Release|Any CPU = Release|Any CPU
	EndGlobalSection
	GlobalSection(ProjectConfigurationPlatforms) = postSolution
		{0ECFDF06-31EF-43B1-A5BE-62932B965796}.Debug|Any CPU.ActiveCfg = Debug|Any CPU
		{0ECFDF06-31EF-43B1-A5BE-62932B965796}.Debug|Any CPU.Build.0 = Debug|Any CPU
		{0ECFDF06-31EF-43B1-A5BE-62932B965796}.Release|Any CPU.ActiveCfg = Release|Any CPU
		{0ECFDF06-31EF-43B1-A5BE-62932B965796}.Release|Any CPU.Build.0 = Release|Any CPU
	EndGlobalSection
	GlobalSection(SolutionProperties) = preSolution
		HideSolutionNode = FALSE
	EndGlobalSection
	GlobalSection(ExtensibilityGlobals) = postSolution
		SolutionGuid = {C86501E6-3605-4554-B344-5104900A61C0}
	EndGlobalSection
EndGlobal
