
Microsoft Visual Studio Solution File, Format Version 12.00
# Visual Studio 15
VisualStudioVersion = 15.0.27703.2000
MinimumVisualStudioVersion = 10.0.40219.1
Project("{FAE04EC0-301F-11D3-BF4B-00C04F79EFBC}") = "FizzBuzz", "FizzBuzz\FizzBuzz.csproj", "{DE08AB4A-F3F2-4094-84F3-5C6E82F9F4FC}"
EndProject
Global
	GlobalSection(SolutionConfigurationPlatforms) = preSolution
		Debug|Any CPU = Debug|Any CPU
		Release|Any CPU = Release|Any CPU
	EndGlobalSection
	GlobalSection(ProjectConfigurationPlatforms) = postSolution
		{DE08AB4A-F3F2-4094-84F3-5C6E82F9F4FC}.Debug|Any CPU.ActiveCfg = Debug|Any CPU
		{DE08AB4A-F3F2-4094-84F3-5C6E82F9F4FC}.Debug|Any CPU.Build.0 = Debug|Any CPU
		{DE08AB4A-F3F2-4094-84F3-5C6E82F9F4FC}.Release|Any CPU.ActiveCfg = Release|Any CPU
		{DE08AB4A-F3F2-4094-84F3-5C6E82F9F4FC}.Release|Any CPU.Build.0 = Release|Any CPU
	EndGlobalSection
	GlobalSection(SolutionProperties) = preSolution
		HideSolutionNode = FALSE
	EndGlobalSection
	GlobalSection(ExtensibilityGlobals) = postSolution
		SolutionGuid = {1C1D8DB1-EE1F-4A73-AD66-29CB30AF52F1}
	EndGlobalSection
EndGlobal
