
Microsoft Visual Studio Solution File, Format Version 12.00
# Visual Studio 15
VisualStudioVersion = 15.0.27703.2000
MinimumVisualStudioVersion = 10.0.40219.1
Project("{FAE04EC0-301F-11D3-BF4B-00C04F79EFBC}") = "Doubling", "Doubling\Doubling.csproj", "{4DC12906-3B24-4B14-8602-4F97737F90EB}"
EndProject
Global
	GlobalSection(SolutionConfigurationPlatforms) = preSolution
		Debug|Any CPU = Debug|Any CPU
		Release|Any CPU = Release|Any CPU
	EndGlobalSection
	GlobalSection(ProjectConfigurationPlatforms) = postSolution
		{4DC12906-3B24-4B14-8602-4F97737F90EB}.Debug|Any CPU.ActiveCfg = Debug|Any CPU
		{4DC12906-3B24-4B14-8602-4F97737F90EB}.Debug|Any CPU.Build.0 = Debug|Any CPU
		{4DC12906-3B24-4B14-8602-4F97737F90EB}.Release|Any CPU.ActiveCfg = Release|Any CPU
		{4DC12906-3B24-4B14-8602-4F97737F90EB}.Release|Any CPU.Build.0 = Release|Any CPU
	EndGlobalSection
	GlobalSection(SolutionProperties) = preSolution
		HideSolutionNode = FALSE
	EndGlobalSection
	GlobalSection(ExtensibilityGlobals) = postSolution
		SolutionGuid = {7CE25D8B-D284-426F-A688-4B0D5702EEFF}
	EndGlobalSection
EndGlobal
