
Microsoft Visual Studio Solution File, Format Version 12.00
# Visual Studio 15
VisualStudioVersion = 15.0.27703.2000
MinimumVisualStudioVersion = 10.0.40219.1
Project("{FAE04EC0-301F-11D3-BF4B-00C04F79EFBC}") = "Lists-01", "Lists-01\Lists-01.csproj", "{D82AF47E-25CF-4ACC-A3C3-CAEF3E9ED953}"
EndProject
Global
	GlobalSection(SolutionConfigurationPlatforms) = preSolution
		Debug|Any CPU = Debug|Any CPU
		Release|Any CPU = Release|Any CPU
	EndGlobalSection
	GlobalSection(ProjectConfigurationPlatforms) = postSolution
		{D82AF47E-25CF-4ACC-A3C3-CAEF3E9ED953}.Debug|Any CPU.ActiveCfg = Debug|Any CPU
		{D82AF47E-25CF-4ACC-A3C3-CAEF3E9ED953}.Debug|Any CPU.Build.0 = Debug|Any CPU
		{D82AF47E-25CF-4ACC-A3C3-CAEF3E9ED953}.Release|Any CPU.ActiveCfg = Release|Any CPU
		{D82AF47E-25CF-4ACC-A3C3-CAEF3E9ED953}.Release|Any CPU.Build.0 = Release|Any CPU
	EndGlobalSection
	GlobalSection(SolutionProperties) = preSolution
		HideSolutionNode = FALSE
	EndGlobalSection
	GlobalSection(ExtensibilityGlobals) = postSolution
		SolutionGuid = {1C9D8738-690D-4B70-9084-88DE703F595C}
	EndGlobalSection
EndGlobal
