
Microsoft Visual Studio Solution File, Format Version 12.00
# Visual Studio 15
VisualStudioVersion = 15.0.27703.2000
MinimumVisualStudioVersion = 10.0.40219.1
Project("{FAE04EC0-301F-11D3-BF4B-00C04F79EFBC}") = "CandyShop2", "CandyShop2\CandyShop2.csproj", "{F8D4A1DB-6B6E-473B-BCBC-C90A238AD83B}"
EndProject
Global
	GlobalSection(SolutionConfigurationPlatforms) = preSolution
		Debug|Any CPU = Debug|Any CPU
		Release|Any CPU = Release|Any CPU
	EndGlobalSection
	GlobalSection(ProjectConfigurationPlatforms) = postSolution
		{F8D4A1DB-6B6E-473B-BCBC-C90A238AD83B}.Debug|Any CPU.ActiveCfg = Debug|Any CPU
		{F8D4A1DB-6B6E-473B-BCBC-C90A238AD83B}.Debug|Any CPU.Build.0 = Debug|Any CPU
		{F8D4A1DB-6B6E-473B-BCBC-C90A238AD83B}.Release|Any CPU.ActiveCfg = Release|Any CPU
		{F8D4A1DB-6B6E-473B-BCBC-C90A238AD83B}.Release|Any CPU.Build.0 = Release|Any CPU
	EndGlobalSection
	GlobalSection(SolutionProperties) = preSolution
		HideSolutionNode = FALSE
	EndGlobalSection
	GlobalSection(ExtensibilityGlobals) = postSolution
		SolutionGuid = {E311DE6A-8241-48AE-B96A-3CDA2DA619BC}
	EndGlobalSection
EndGlobal
